
Microsoft Visual Studio Solution File, Format Version 12.00
Project("{FAE04EC0-301F-11D3-BF4B-00C04F79EFBC}") = "TelegramBot", "TelegramBot\TelegramBot.csproj", "{821459EE-F316-4EAC-AAA2-C39CF3E70C8A}"
EndProject
Project("{FAE04EC0-301F-11D3-BF4B-00C04F79EFBC}") = "CoBetsDatabase", "CoBetsDatabase\CoBetsDatabase.csproj", "{8B21B384-020B-4A00-8818-728AAB563682}"
EndProject
Project("{FAE04EC0-301F-11D3-BF4B-00C04F79EFBC}") = "Parsers", "Parsers\Parsers.csproj", "{C33848F1-D2B5-4F8C-A38F-BE755A978058}"
EndProject
Project("{FAE04EC0-301F-11D3-BF4B-00C04F79EFBC}") = "Controllers", "Controllers\Controllers.csproj", "{EF127291-C74E-4F86-9F2F-D47DA916FF79}"
EndProject
Project("{FAE04EC0-301F-11D3-BF4B-00C04F79EFBC}") = "Tests", "Tests\Tests.csproj", "{B24F18FB-B63F-4AB2-9457-8931FFCD2DCA}"
EndProject
Global
	GlobalSection(SolutionConfigurationPlatforms) = preSolution
		Debug|Any CPU = Debug|Any CPU
		Release|Any CPU = Release|Any CPU
	EndGlobalSection
	GlobalSection(ProjectConfigurationPlatforms) = postSolution
		{821459EE-F316-4EAC-AAA2-C39CF3E70C8A}.Debug|Any CPU.ActiveCfg = Debug|Any CPU
		{821459EE-F316-4EAC-AAA2-C39CF3E70C8A}.Debug|Any CPU.Build.0 = Debug|Any CPU
		{821459EE-F316-4EAC-AAA2-C39CF3E70C8A}.Release|Any CPU.ActiveCfg = Release|Any CPU
		{821459EE-F316-4EAC-AAA2-C39CF3E70C8A}.Release|Any CPU.Build.0 = Release|Any CPU
		{8B21B384-020B-4A00-8818-728AAB563682}.Debug|Any CPU.ActiveCfg = Debug|Any CPU
		{8B21B384-020B-4A00-8818-728AAB563682}.Debug|Any CPU.Build.0 = Debug|Any CPU
		{8B21B384-020B-4A00-8818-728AAB563682}.Release|Any CPU.ActiveCfg = Release|Any CPU
		{8B21B384-020B-4A00-8818-728AAB563682}.Release|Any CPU.Build.0 = Release|Any CPU
		{C33848F1-D2B5-4F8C-A38F-BE755A978058}.Debug|Any CPU.ActiveCfg = Debug|Any CPU
		{C33848F1-D2B5-4F8C-A38F-BE755A978058}.Debug|Any CPU.Build.0 = Debug|Any CPU
		{C33848F1-D2B5-4F8C-A38F-BE755A978058}.Release|Any CPU.ActiveCfg = Release|Any CPU
		{C33848F1-D2B5-4F8C-A38F-BE755A978058}.Release|Any CPU.Build.0 = Release|Any CPU
		{EF127291-C74E-4F86-9F2F-D47DA916FF79}.Debug|Any CPU.ActiveCfg = Debug|Any CPU
		{EF127291-C74E-4F86-9F2F-D47DA916FF79}.Debug|Any CPU.Build.0 = Debug|Any CPU
		{EF127291-C74E-4F86-9F2F-D47DA916FF79}.Release|Any CPU.ActiveCfg = Release|Any CPU
		{EF127291-C74E-4F86-9F2F-D47DA916FF79}.Release|Any CPU.Build.0 = Release|Any CPU
		{B24F18FB-B63F-4AB2-9457-8931FFCD2DCA}.Debug|Any CPU.ActiveCfg = Debug|Any CPU
		{B24F18FB-B63F-4AB2-9457-8931FFCD2DCA}.Debug|Any CPU.Build.0 = Debug|Any CPU
		{B24F18FB-B63F-4AB2-9457-8931FFCD2DCA}.Release|Any CPU.ActiveCfg = Release|Any CPU
		{B24F18FB-B63F-4AB2-9457-8931FFCD2DCA}.Release|Any CPU.Build.0 = Release|Any CPU
	EndGlobalSection
EndGlobal
